# Generated by @novedu/cli — do not edit.
# Regenerate with: novedu-cli codes sync stablecoins-activities.yaml
activity-codes:
  kommentar: 4th96fcbag
  stablecoin-tutor: ge44bvtp2o
  stablecoins-und-die-weltwirtschaft: php835afrw
  was-ist-ein-stablecoin: rxi29yblzh
  wenn-das-versprechen-bricht: c8ypdvdig0
